// !$*UTF8*$!
{
	archiveVersion = 1;
	classes = {
	};
	objectVersion = 48;
	objects = {

/* Begin PBXBuildFile section */
		D7165F5A1F919C8100DE9046 /* AppDelegate.swift in Sources */ = {isa = PBXBuildFile; fileRef = D7165F591F919C8100DE9046 /* AppDelegate.swift */; };
		D7165F5C1F919C8100DE9046 /* ViewController.swift in Sources */ = {isa = PBXBuildFile; fileRef = D7165F5B1F919C8100DE9046 /* ViewController.swift */; };
		D7165F5F1F919C8100DE9046 /* Main.storyboard in Resources */ = {isa = PBXBuildFile; fileRef = D7165F5D1F919C8100DE9046 /* Main.storyboard */; };
		D7165F611F919C8100DE9046 /* Assets.xcassets in Resources */ = {isa = PBXBuildFile; fileRef = D7165F601F919C8100DE9046 /* Assets.xcassets */; };
		D7165F641F919C8100DE9046 /* LaunchScreen.storyboard in Resources */ = {isa = PBXBuildFile; fileRef = D7165F621F919C8100DE9046 /* LaunchScreen.storyboard */; };
		D7165F6F1F91A05200DE9046 /* RestKit.framework in Frameworks */ = {isa = PBXBuildFile; fileRef = D7165F6D1F91A04100DE9046 /* RestKit.framework */; };
		D7165F701F91A05200DE9046 /* VisualRecognitionV3.framework in Frameworks */ = {isa = PBXBuildFile; fileRef = D7165F6C1F91A04100DE9046 /* VisualRecognitionV3.framework */; };
		D7165F721F91A07000DE9046 /* RestKit.framework in CopyFiles */ = {isa = PBXBuildFile; fileRef = D7165F6D1F91A04100DE9046 /* RestKit.framework */; settings = {ATTRIBUTES = (CodeSignOnCopy, RemoveHeadersOnCopy, ); }; };
		D7165F731F91A07000DE9046 /* VisualRecognitionV3.framework in CopyFiles */ = {isa = PBXBuildFile; fileRef = D7165F6C1F91A04100DE9046 /* VisualRecognitionV3.framework */; settings = {ATTRIBUTES = (CodeSignOnCopy, RemoveHeadersOnCopy, ); }; };
/* End PBXBuildFile section */

/* Begin PBXCopyFilesBuildPhase section */
		D7165F711F91A06100DE9046 /* CopyFiles */ = {
			isa = PBXCopyFilesBuildPhase;
			buildActionMask = 2147483647;
			dstPath = "";
			dstSubfolderSpec = 10;
			files = (
				D7165F721F91A07000DE9046 /* RestKit.framework in CopyFiles */,
				D7165F731F91A07000DE9046 /* VisualRecognitionV3.framework in CopyFiles */,
			);
			runOnlyForDeploymentPostprocessing = 0;
		};
/* End PBXCopyFilesBuildPhase section */

/* Begin PBXFileReference section */
		D7165F561F919C8100DE9046 /* VisualRecognitionApp.app */ = {isa = PBXFileReference; explicitFileType = wrapper.application; includeInIndex = 0; path = VisualRecognitionApp.app; sourceTree = BUILT_PRODUCTS_DIR; };
		D7165F591F919C8100DE9046 /* AppDelegate.swift */ = {isa = PBXFileReference; lastKnownFileType = sourcecode.swift; path = AppDelegate.swift; sourceTree = "<group>"; };
		D7165F5B1F919C8100DE9046 /* ViewController.swift */ = {isa = PBXFileReference; lastKnownFileType = sourcecode.swift; path = ViewController.swift; sourceTree = "<group>"; };
		D7165F5E1F919C8100DE9046 /* Base */ = {isa = PBXFileReference; lastKnownFileType = file.storyboard; name = Base; path = Base.lproj/Main.storyboard; sourceTree = "<group>"; };
		D7165F601F919C8100DE9046 /* Assets.xcassets */ = {isa = PBXFileReference; lastKnownFileType = folder.assetcatalog; path = Assets.xcassets; sourceTree = "<group>"; };
		D7165F631F919C8100DE9046 /* Base */ = {isa = PBXFileReference; lastKnownFileType = file.storyboard; name = Base; path = Base.lproj/LaunchScreen.storyboard; sourceTree = "<group>"; };
		D7165F651F919C8100DE9046 /* Info.plist */ = {isa = PBXFileReference; lastKnownFileType = text.plist.xml; path = Info.plist; sourceTree = "<group>"; };
		D7165F6C1F91A04100DE9046 /* VisualRecognitionV3.framework */ = {isa = PBXFileReference; lastKnownFileType = wrapper.framework; name = VisualRecognitionV3.framework; path = Carthage/Build/iOS/VisualRecognitionV3.framework; sourceTree = SOURCE_ROOT; };
		D7165F6D1F91A04100DE9046 /* RestKit.framework */ = {isa = PBXFileReference; lastKnownFileType = wrapper.framework; name = RestKit.framework; path = Carthage/Build/iOS/RestKit.framework; sourceTree = SOURCE_ROOT; };
/* End PBXFileReference section */

/* Begin PBXFrameworksBuildPhase section */
		D7165F531F919C8100DE9046 /* Frameworks */ = {
			isa = PBXFrameworksBuildPhase;
			buildActionMask = 2147483647;
			files = (
				D7165F6F1F91A05200DE9046 /* RestKit.framework in Frameworks */,
				D7165F701F91A05200DE9046 /* VisualRecognitionV3.framework in Frameworks */,
			);
			runOnlyForDeploymentPostprocessing = 0;
		};
/* End PBXFrameworksBuildPhase section */

/* Begin PBXGroup section */
		D7165F4D1F919C8100DE9046 = {
			isa = PBXGroup;
			children = (
				D7165F6B1F91A00300DE9046 /* Framework */,
				D7165F581F919C8100DE9046 /* VisualRecognitionApp */,
				D7165F571F919C8100DE9046 /* Products */,
				D7165F6E1F91A05200DE9046 /* Frameworks */,
			);
			sourceTree = "<group>";
		};
		D7165F571F919C8100DE9046 /* Products */ = {
			isa = PBXGroup;
			children = (
				D7165F561F919C8100DE9046 /* VisualRecognitionApp.app */,
			);
			name = Products;
			sourceTree = "<group>";
		};
		D7165F581F919C8100DE9046 /* VisualRecognitionApp */ = {
			isa = PBXGroup;
			children = (
				D7165F591F919C8100DE9046 /* AppDelegate.swift */,
				D7165F5B1F919C8100DE9046 /* ViewController.swift */,
				D7165F5D1F919C8100DE9046 /* Main.storyboard */,
				D7165F601F919C8100DE9046 /* Assets.xcassets */,
				D7165F621F919C8100DE9046 /* LaunchScreen.storyboard */,
				D7165F651F919C8100DE9046 /* Info.plist */,
			);
			path = VisualRecognitionApp;
			sourceTree = "<group>";
		};
		D7165F6B1F91A00300DE9046 /* Framework */ = {
			isa = PBXGroup;
			children = (
				D7165F6D1F91A04100DE9046 /* RestKit.framework */,
				D7165F6C1F91A04100DE9046 /* VisualRecognitionV3.framework */,
			);
			path = Framework;
			sourceTree = "<group>";
		};
		D7165F6E1F91A05200DE9046 /* Frameworks */ = {
			isa = PBXGroup;
			children = (
			);
			name = Frameworks;
			sourceTree = "<group>";
		};
/* End PBXGroup section */

/* Begin PBXNativeTarget section */
		D7165F551F919C8100DE9046 /* VisualRecognitionApp */ = {
			isa = PBXNativeTarget;
			buildConfigurationList = D7165F681F919C8100DE9046 /* Build configuration list for PBXNativeTarget "VisualRecognitionApp" */;
			buildPhases = (
				D7165F521F919C8100DE9046 /* Sources */,
				D7165F531F919C8100DE9046 /* Frameworks */,
				D7165F541F919C8100DE9046 /* Resources */,
				D7165F711F91A06100DE9046 /* CopyFiles */,
			);
			buildRules = (
			);
			dependencies = (
			);
			name = VisualRecognitionApp;
			productName = VisualRecognitionApp;
			productReference = D7165F561F919C8100DE9046 /* VisualRecognitionApp.app */;
			productType = "com.apple.product-type.application";
		};
/* End PBXNativeTarget section */

/* Begin PBXProject section */
		D7165F4E1F919C8100DE9046 /* Project object */ = {
			isa = PBXProject;
			attributes = {
				LastSwiftUpdateCheck = 0900;
				LastUpgradeCheck = 0900;
				ORGANIZATIONNAME = "Marek Sadowski";
				TargetAttributes = {
					D7165F551F919C8100DE9046 = {
						CreatedOnToolsVersion = 9.0;
						ProvisioningStyle = Automatic;
					};
				};
			};
			buildConfigurationList = D7165F511F919C8100DE9046 /* Build configuration list for PBXProject "VisualRecognitionApp" */;
			compatibilityVersion = "Xcode 8.0";
			developmentRegion = en;
			hasScannedForEncodings = 0;
			knownRegions = (
				en,
				Base,
			);
			mainGroup = D7165F4D1F919C8100DE9046;
			productRefGroup = D7165F571F919C8100DE9046 /* Products */;
			projectDirPath = "";
			projectRoot = "";
			targets = (
				D7165F551F919C8100DE9046 /* VisualRecognitionApp */,
			);
		};
/* End PBXProject section */

/* Begin PBXResourcesBuildPhase section */
		D7165F541F919C8100DE9046 /* Resources */ = {
			isa = PBXResourcesBuildPhase;
			buildActionMask = 2147483647;
			files = (
				D7165F641F919C8100DE9046 /* LaunchScreen.storyboard in Resources */,
				D7165F611F919C8100DE9046 /* Assets.xcassets in Resources */,
				D7165F5F1F919C8100DE9046 /* Main.storyboard in Resources */,
			);
			runOnlyForDeploymentPostprocessing = 0;
		};
/* End PBXResourcesBuildPhase section */

/* Begin PBXSourcesBuildPhase section */
		D7165F521F919C8100DE9046 /* Sources */ = {
			isa = PBXSourcesBuildPhase;
			buildActionMask = 2147483647;
			files = (
				D7165F5C1F919C8100DE9046 /* ViewController.swift in Sources */,
				D7165F5A1F919C8100DE9046 /* AppDelegate.swift in Sources */,
			);
			runOnlyForDeploymentPostprocessing = 0;
		};
/* End PBXSourcesBuildPhase section */

/* Begin PBXVariantGroup section */
		D7165F5D1F919C8100DE9046 /* Main.storyboard */ = {
			isa = PBXVariantGroup;
			children = (
				D7165F5E1F919C8100DE9046 /* Base */,
			);
			name = Main.storyboard;
			sourceTree = "<group>";
		};
		D7165F621F919C8100DE9046 /* LaunchScreen.storyboard */ = {
			isa = PBXVariantGroup;
			children = (
				D7165F631F919C8100DE9046 /* Base */,
			);
			name = LaunchScreen.storyboard;
			sourceTree = "<group>";
		};
/* End PBXVariantGroup section */

/* Begin XCBuildConfiguration section */
		D7165F661F919C8100DE9046 /* Debug */ = {
			isa = XCBuildConfiguration;
			buildSettings = {
				ALWAYS_SEARCH_USER_PATHS = NO;
				CLANG_ANALYZER_NONNULL = YES;
				CLANG_ANALYZER_NUMBER_OBJECT_CONVERSION = YES_AGGRESSIVE;
				CLANG_CXX_LANGUAGE_STANDARD = "gnu++14";
				CLANG_CXX_LIBRARY = "libc++";
				CLANG_ENABLE_MODULES = YES;
				CLANG_ENABLE_OBJC_ARC = YES;
				CLANG_WARN_BLOCK_CAPTURE_AUTORELEASING = YES;
				CLANG_WARN_BOOL_CONVERSION = YES;
				CLANG_WARN_COMMA = YES;
				CLANG_WARN_CONSTANT_CONVERSION = YES;
				CLANG_WARN_DIRECT_OBJC_ISA_USAGE = YES_ERROR;
				CLANG_WARN_DOCUMENTATION_COMMENTS = YES;
				CLANG_WARN_EMPTY_BODY = YES;
				CLANG_WARN_ENUM_CONVERSION = YES;
				CLANG_WARN_INFINITE_RECURSION = YES;
				CLANG_WARN_INT_CONVERSION = YES;
				CLANG_WARN_NON_LITERAL_NULL_CONVERSION = YES;
				CLANG_WARN_OBJC_LITERAL_CONVERSION = YES;
				CLANG_WARN_OBJC_ROOT_CLASS = YES_ERROR;
				CLANG_WARN_RANGE_LOOP_ANALYSIS = YES;
				CLANG_WARN_STRICT_PROTOTYPES = YES;
				CLANG_WARN_SUSPICIOUS_MOVE = YES;
				CLANG_WARN_UNGUARDED_AVAILABILITY = YES_AGGRESSIVE;
				CLANG_WARN_UNREACHABLE_CODE = YES;
				CLANG_WARN__DUPLICATE_METHOD_MATCH = YES;
				CODE_SIGN_IDENTITY = "iPhone Developer";
				COPY_PHASE_STRIP = NO;
				DEBUG_INFORMATION_FORMAT = dwarf;
				ENABLE_STRICT_OBJC_MSGSEND = YES;
				ENABLE_TESTABILITY = YES;
				GCC_C_LANGUAGE_STANDARD = gnu11;
				GCC_DYNAMIC_NO_PIC = NO;
				GCC_NO_COMMON_BLOCKS = YES;
				GCC_OPTIMIZATION_LEVEL = 0;
				GCC_PREPROCESSOR_DEFINITIONS = (
					"DEBUG=1",
					"$(inherited)",
				);
				GCC_WARN_64_TO_32_BIT_CONVERSION = YES;
				GCC_WARN_ABOUT_RETURN_TYPE = YES_ERROR;
				GCC_WARN_UNDECLARED_SELECTOR = YES;
				GCC_WARN_UNINITIALIZED_AUTOS = YES_AGGRESSIVE;
				GCC_WARN_UNUSED_FUNCTION = YES;
				GCC_WARN_UNUSED_VARIABLE = YES;
				IPHONEOS_DEPLOYMENT_TARGET = 11.0;
				MTL_ENABLE_DEBUG_INFO = YES;
				ONLY_ACTIVE_ARCH = YES;
				SDKROOT = iphoneos;
				SWIFT_ACTIVE_COMPILATION_CONDITIONS = DEBUG;
				SWIFT_OPTIMIZATION_LEVEL = "-Onone";
			};
			name = Debug;
		};
		D7165F671F919C8100DE9046 /* Release */ = {
			isa = XCBuildConfiguration;
			buildSettings = {
				ALWAYS_SEARCH_USER_PATHS = NO;
				CLANG_ANALYZER_NONNULL = YES;
				CLANG_ANALYZER_NUMBER_OBJECT_CONVERSION = YES_AGGRESSIVE;
				CLANG_CXX_LANGUAGE_STANDARD = "gnu++14";
				CLANG_CXX_LIBRARY = "libc++";
				CLANG_ENABLE_MODULES = YES;
				CLANG_ENABLE_OBJC_ARC = YES;
				CLANG_WARN_BLOCK_CAPTURE_AUTORELEASING = YES;
				CLANG_WARN_BOOL_CONVERSION = YES;
				CLANG_WARN_COMMA = YES;
				CLANG_WARN_CONSTANT_CONVERSION = YES;
				CLANG_WARN_DIRECT_OBJC_ISA_USAGE = YES_ERROR;
				CLANG_WARN_DOCUMENTATION_COMMENTS = YES;
				CLANG_WARN_EMPTY_BODY = YES;
				CLANG_WARN_ENUM_CONVERSION = YES;
				CLANG_WARN_INFINITE_RECURSION = YES;
				CLANG_WARN_INT_CONVERSION = YES;
				CLANG_WARN_NON_LITERAL_NULL_CONVERSION = YES;
				CLANG_WARN_OBJC_LITERAL_CONVERSION = YES;
				CLANG_WARN_OBJC_ROOT_CLASS = YES_ERROR;
				CLANG_WARN_RANGE_LOOP_ANALYSIS = YES;
				CLANG_WARN_STRICT_PROTOTYPES = YES;
				CLANG_WARN_SUSPICIOUS_MOVE = YES;
				CLANG_WARN_UNGUARDED_AVAILABILITY = YES_AGGRESSIVE;
				CLANG_WARN_UNREACHABLE_CODE = YES;
				CLANG_WARN__DUPLICATE_METHOD_MATCH = YES;
				CODE_SIGN_IDENTITY = "iPhone Developer";
				COPY_PHASE_STRIP = NO;
				DEBUG_INFORMATION_FORMAT = "dwarf-with-dsym";
				ENABLE_NS_ASSERTIONS = NO;
				ENABLE_STRICT_OBJC_MSGSEND = YES;
				GCC_C_LANGUAGE_STANDARD = gnu11;
				GCC_NO_COMMON_BLOCKS = YES;
				GCC_WARN_64_TO_32_BIT_CONVERSION = YES;
				GCC_WARN_ABOUT_RETURN_TYPE = YES_ERROR;
				GCC_WARN_UNDECLARED_SELECTOR = YES;
				GCC_WARN_UNINITIALIZED_AUTOS = YES_AGGRESSIVE;
				GCC_WARN_UNUSED_FUNCTION = YES;
				GCC_WARN_UNUSED_VARIABLE = YES;
				IPHONEOS_DEPLOYMENT_TARGET = 11.0;
				MTL_ENABLE_DEBUG_INFO = NO;
				SDKROOT = iphoneos;
				SWIFT_OPTIMIZATION_LEVEL = "-Owholemodule";
				VALIDATE_PRODUCT = YES;
			};
			name = Release;
		};
		D7165F691F919C8100DE9046 /* Debug */ = {
			isa = XCBuildConfiguration;
			buildSettings = {
				ASSETCATALOG_COMPILER_APPICON_NAME = AppIcon;
				CODE_SIGN_STYLE = Automatic;
				DEVELOPMENT_TEAM = 2H7LQB994Z;
				FRAMEWORK_SEARCH_PATHS = (
					"$(inherited)",
					"$(PROJECT_DIR)/Carthage/Build/iOS",
				);
				INFOPLIST_FILE = VisualRecognitionApp/Info.plist;
				LD_RUNPATH_SEARCH_PATHS = "$(inherited) @executable_path/Frameworks";
				PRODUCT_BUNDLE_IDENTIFIER = com.ibm.VisualRecognitionApp;
				PRODUCT_NAME = "$(TARGET_NAME)";
				SWIFT_VERSION = 4.0;
				TARGETED_DEVICE_FAMILY = "1,2";
			};
			name = Debug;
		};
		D7165F6A1F919C8100DE9046 /* Release */ = {
			isa = XCBuildConfiguration;
			buildSettings = {
				ASSETCATALOG_COMPILER_APPICON_NAME = AppIcon;
				CODE_SIGN_STYLE = Automatic;
				DEVELOPMENT_TEAM = 2H7LQB994Z;
				FRAMEWORK_SEARCH_PATHS = (
					"$(inherited)",
					"$(PROJECT_DIR)/Carthage/Build/iOS",
				);
				INFOPLIST_FILE = VisualRecognitionApp/Info.plist;
				LD_RUNPATH_SEARCH_PATHS = "$(inherited) @executable_path/Frameworks";
				PRODUCT_BUNDLE_IDENTIFIER = com.ibm.VisualRecognitionApp;
				PRODUCT_NAME = "$(TARGET_NAME)";
				SWIFT_VERSION = 4.0;
				TARGETED_DEVICE_FAMILY = "1,2";
			};
			name = Release;
		};
/* End XCBuildConfiguration section */

/* Begin XCConfigurationList section */
		D7165F511F919C8100DE9046 /* Build configuration list for PBXProject "VisualRecognitionApp" */ = {
			isa = XCConfigurationList;
			buildConfigurations = (
				D7165F661F919C8100DE9046 /* Debug */,
				D7165F671F919C8100DE9046 /* Release */,
			);
			defaultConfigurationIsVisible = 0;
			defaultConfigurationName = Release;
		};
		D7165F681F919C8100DE9046 /* Build configuration list for PBXNativeTarget "VisualRecognitionApp" */ = {
			isa = XCConfigurationList;
			buildConfigurations = (
				D7165F691F919C8100DE9046 /* Debug */,
				D7165F6A1F919C8100DE9046 /* Release */,
			);
			defaultConfigurationIsVisible = 0;
			defaultConfigurationName = Release;
		};
/* End XCConfigurationList section */
	};
	rootObject = D7165F4E1F919C8100DE9046 /* Project object */;
}
